
Microsoft Visual Studio Solution File, Format Version 12.00
# Visual Studio Version 16
VisualStudioVersion = 16.0.28729.10
MinimumVisualStudioVersion = 10.0.40219.1
Project("{FAE04EC0-301F-11D3-BF4B-00C04F79EFBC}") = "Prabhat-Function-Prod-Demo-01", "Prabhat-Function-Prod-Demo-01\Prabhat-Function-Prod-Demo-01.csproj", "{51801334-AECE-4933-BA5F-79597F0D9DD7}"
EndProject
Global
	GlobalSection(SolutionConfigurationPlatforms) = preSolution
		Debug|Any CPU = Debug|Any CPU
		Release|Any CPU = Release|Any CPU
	EndGlobalSection
	GlobalSection(ProjectConfigurationPlatforms) = postSolution
		{51801334-AECE-4933-BA5F-79597F0D9DD7}.Debug|Any CPU.ActiveCfg = Debug|Any CPU
		{51801334-AECE-4933-BA5F-79597F0D9DD7}.Debug|Any CPU.Build.0 = Debug|Any CPU
		{51801334-AECE-4933-BA5F-79597F0D9DD7}.Release|Any CPU.ActiveCfg = Release|Any CPU
		{51801334-AECE-4933-BA5F-79597F0D9DD7}.Release|Any CPU.Build.0 = Release|Any CPU
	EndGlobalSection
	GlobalSection(SolutionProperties) = preSolution
		HideSolutionNode = FALSE
	EndGlobalSection
	GlobalSection(ExtensibilityGlobals) = postSolution
		SolutionGuid = {3EE064C4-AA3F-4CB7-B606-D89A2818F175}
	EndGlobalSection
EndGlobal
